<?xml version="1.0" encoding="utf-8"?>
<Project ToolsVersion="4.0" xmlns="http://schemas.microsoft.com/developer/msbuild/2003">
  <ItemGroup>
    <Filter Include="Source Files">
      <UniqueIdentifier>{4FC737F1-C7A5-4376-A066-2A32D752A2FF}</UniqueIdentifier>
      <Extensions>cpp;c;cc;cxx;def;odl;idl;hpj;bat;asm;asmx</Extensions>
    </Filter>
    <Filter Include="Header Files">
      <UniqueIdentifier>{93995380-89BD-4b04-88EB-625FBE52EBFB}</UniqueIdentifier>
      <Extensions>h;hh;hpp;hxx;hm;inl;inc;xsd</Extensions>
    </Filter>
    <Filter Include="Resource Files">
      <UniqueIdentifier>{67DA6AB6-F800-4c08-8B7A-83BB121AAD01}</UniqueIdentifier>
      <Extensions>rc;ico;cur;bmp;dlg;rc2;rct;bin;rgs;gif;jpg;jpeg;jpe;resx;tiff;tif;png;wav;mfcribbon-ms</Extensions>
    </Filter>
    <Filter Include="Shaders">
      <UniqueIdentifier>{5873303f-18d6-467c-a2aa-f8a608092885}</UniqueIdentifier>
    </Filter>
    <Filter Include="Header Files\Core">
      <UniqueIdentifier>{bbb92acc-fd28-49e0-be04-3b0b3b2063e0}</UniqueIdentifier>
    </Filter>
    <Filter Include="Header Files\Utility">
      <UniqueIdentifier>{69618e37-9649-4808-b548-a6220af57e8a}</UniqueIdentifier>
    </Filter>
    <Filter Include="Header Files\Scene">
      <UniqueIdentifier>{8a57ca79-9a5c-44fa-a9d7-6f6ffb05fbed}</UniqueIdentifier>
    </Filter>
    <Filter Include="Source Files\Core">
      <UniqueIdentifier>{fb54fcd9-21bd-4475-816c-9346b1a327c7}</UniqueIdentifier>
    </Filter>
    <Filter Include="Source Files\Scene">
      <UniqueIdentifier>{973283e4-a889-44e4-8d6b-c80204cd9d93}</UniqueIdentifier>
    </Filter>
    <Filter Include="Source Files\Utility">
      <UniqueIdentifier>{9d65fccd-6d5f-4f16-9e1a-a846b2d11445}</UniqueIdentifier>
    </Filter>
    <Filter Include="Header Files\FreeImage">
      <UniqueIdentifier>{094cffce-21b5-46e5-a57c-6683618d0efe}</UniqueIdentifier>
    </Filter>
    <Filter Include="Source Files\FreeImage">
      <UniqueIdentifier>{fc709509-5a50-4e22-a14e-8926154ba522}</UniqueIdentifier>
    </Filter>
    <Filter Include="Header Files\Effects">
      <UniqueIdentifier>{6aaa30a9-9f0e-497a-a5c6-0e99091ad902}</UniqueIdentifier>
    </Filter>
    <Filter Include="Source Files\Effects">
      <UniqueIdentifier>{eae14f5e-f607-479e-ba96-6e1cfce83a35}</UniqueIdentifier>
    </Filter>
  </ItemGroup>
  <ItemGroup>
    <ClInclude Include="..\extlibs\FreeImage\src\FreeImage.h">
      <Filter>Header Files\FreeImage</Filter>
    </ClInclude>
    <ClInclude Include="..\extlibs\FreeImage\src\TextureManager.h">
      <Filter>Header Files\FreeImage</Filter>
    </ClInclude>
    <ClInclude Include="headers\ArcBall.h">
      <Filter>Header Files\Core</Filter>
    </ClInclude>
    <ClInclude Include="headers\BoundingBox.h">
      <Filter>Header Files\Core</Filter>
    </ClInclude>
    <ClInclude Include="headers\Camera.h">
      <Filter>Header Files\Core</Filter>
    </ClInclude>
    <ClInclude Include="headers\Light.h">
      <Filter>Header Files\Core</Filter>
    </ClInclude>
    <ClInclude Include="headers\Material.h">
      <Filter>Header Files\Core</Filter>
    </ClInclude>
    <ClInclude Include="headers\Drawable.h">
      <Filter>Header Files\Scene</Filter>
    </ClInclude>
    <ClInclude Include="headers\MeshData.h">
      <Filter>Header Files\Scene</Filter>
    </ClInclude>
    <ClInclude Include="headers\MeshDrawable.h">
      <Filter>Header Files\Scene</Filter>
    </ClInclude>
    <ClInclude Include="headers\NTreeNode.h">
      <Filter>Header Files\Scene</Filter>
    </ClInclude>
    <ClInclude Include="headers\Scene.h">
      <Filter>Header Files\Scene</Filter>
    </ClInclude>
    <ClInclude Include="headers\CallbackRegister.h">
      <Filter>Header Files\Utility</Filter>
    </ClInclude>
    <ClInclude Include="headers\Parser.h">
      <Filter>Header Files\Utility</Filter>
    </ClInclude>
    <ClInclude Include="headers\Shaders.h">
      <Filter>Header Files\Utility</Filter>
    </ClInclude>
    <ClInclude Include="headers\TextureLoader.h">
      <Filter>Header Files\Utility</Filter>
    </ClInclude>
    <ClInclude Include="headers\Utility.h">
      <Filter>Header Files\Utility</Filter>
    </ClInclude>
    <ClInclude Include="headers\Stdafx.h">
      <Filter>Header Files</Filter>
    </ClInclude>
    <ClInclude Include="headers\Typedefs.h">
      <Filter>Header Files</Filter>
    </ClInclude>
    <ClInclude Include="headers\ShadowEffect.h">
      <Filter>Header Files\Effects</Filter>
    </ClInclude>
    <ClInclude Include="headers\NewFrameEffect.h">
      <Filter>Header Files\Effects</Filter>
    </ClInclude>
  </ItemGroup>
  <ItemGroup>
    <ClCompile Include="src\ArcBall.cpp">
      <Filter>Source Files\Core</Filter>
    </ClCompile>
    <ClCompile Include="src\BoundingBox.cpp">
      <Filter>Source Files\Core</Filter>
    </ClCompile>
    <ClCompile Include="src\Camera.cpp">
      <Filter>Source Files\Core</Filter>
    </ClCompile>
    <ClCompile Include="src\Light.cpp">
      <Filter>Source Files\Core</Filter>
    </ClCompile>
    <ClCompile Include="src\Material.cpp">
      <Filter>Source Files\Core</Filter>
    </ClCompile>
    <ClCompile Include="..\extlibs\FreeImage\src\TextureManager.cpp">
      <Filter>Source Files\FreeImage</Filter>
    </ClCompile>
    <ClCompile Include="src\MeshData.cpp">
      <Filter>Source Files\Scene</Filter>
    </ClCompile>
    <ClCompile Include="src\MeshDrawable.cpp">
      <Filter>Source Files\Scene</Filter>
    </ClCompile>
    <ClCompile Include="src\Scene.cpp">
      <Filter>Source Files\Scene</Filter>
    </ClCompile>
    <ClCompile Include="src\CallbackRegister.cpp">
      <Filter>Source Files\Utility</Filter>
    </ClCompile>
    <ClCompile Include="src\Parser.cpp">
      <Filter>Source Files\Utility</Filter>
    </ClCompile>
    <ClCompile Include="src\Shaders.cpp">
      <Filter>Source Files\Utility</Filter>
    </ClCompile>
    <ClCompile Include="src\TextureLoader.cpp">
      <Filter>Source Files\Utility</Filter>
    </ClCompile>
    <ClCompile Include="src\Utility.cpp">
      <Filter>Source Files\Utility</Filter>
    </ClCompile>
    <ClCompile Include="src\main.cpp">
      <Filter>Source Files</Filter>
    </ClCompile>
    <ClCompile Include="src\Stdafx.cpp">
      <Filter>Source Files</Filter>
    </ClCompile>
    <ClCompile Include="src\ShadowEffect.cpp">
      <Filter>Source Files\Effects</Filter>
    </ClCompile>
    <ClCompile Include="src\NewFrameEffect.cpp">
      <Filter>Source Files\Effects</Filter>
    </ClCompile>
  </ItemGroup>
  <ItemGroup>
    <None Include="shaders\ColorFragmentShader.fragmentshader">
      <Filter>Shaders</Filter>
    </None>
    <None Include="shaders\TransformVertexShader.vertexshader">
      <Filter>Shaders</Filter>
    </None>
    <None Include="shaders\DepthRTT.fragmentshader">
      <Filter>Shaders</Filter>
    </None>
    <None Include="shaders\DepthRTT.vertexshader">
      <Filter>Shaders</Filter>
    </None>
    <None Include="shaders\Passthrough.vertexshader">
      <Filter>Shaders</Filter>
    </None>
    <None Include="shaders\SimpleTexture.fragmentshader">
      <Filter>Shaders</Filter>
    </None>
  </ItemGroup>
</Project>